
Microsoft Visual Studio Solution File, Format Version 12.00
# Visual Studio 15
VisualStudioVersion = 15.0.28307.852
MinimumVisualStudioVersion = 10.0.40219.1
Project("{FAE04EC0-301F-11D3-BF4B-00C04F79EFBC}") = "Homework", "Homework\Homework.csproj", "{5BC526FC-C5AE-4A96-9C6C-7F53977C6315}"
EndProject
Project("{FAE04EC0-301F-11D3-BF4B-00C04F79EFBC}") = "DataGridViewNumericUpDownElements", "DataGridViewNumericUpDownElements\DataGridViewNumericUpDownElements.csproj", "{82B50731-BE90-433F-BB6E-9B509C5F3B7C}"
EndProject
Global
	GlobalSection(SolutionConfigurationPlatforms) = preSolution
		Debug|Any CPU = Debug|Any CPU
		Release|Any CPU = Release|Any CPU
	EndGlobalSection
	GlobalSection(ProjectConfigurationPlatforms) = postSolution
		{5BC526FC-C5AE-4A96-9C6C-7F53977C6315}.Debug|Any CPU.ActiveCfg = Debug|Any CPU
		{5BC526FC-C5AE-4A96-9C6C-7F53977C6315}.Debug|Any CPU.Build.0 = Debug|Any CPU
		{5BC526FC-C5AE-4A96-9C6C-7F53977C6315}.Release|Any CPU.ActiveCfg = Release|Any CPU
		{5BC526FC-C5AE-4A96-9C6C-7F53977C6315}.Release|Any CPU.Build.0 = Release|Any CPU
		{82B50731-BE90-433F-BB6E-9B509C5F3B7C}.Debug|Any CPU.ActiveCfg = Debug|Any CPU
		{82B50731-BE90-433F-BB6E-9B509C5F3B7C}.Debug|Any CPU.Build.0 = Debug|Any CPU
		{82B50731-BE90-433F-BB6E-9B509C5F3B7C}.Release|Any CPU.ActiveCfg = Release|Any CPU
		{82B50731-BE90-433F-BB6E-9B509C5F3B7C}.Release|Any CPU.Build.0 = Release|Any CPU
	EndGlobalSection
	GlobalSection(SolutionProperties) = preSolution
		HideSolutionNode = FALSE
	EndGlobalSection
	GlobalSection(ExtensibilityGlobals) = postSolution
		SolutionGuid = {3B721314-1377-4DB3-AB43-5372B89D0A64}
	EndGlobalSection
EndGlobal
